
Microsoft Visual Studio Solution File, Format Version 12.00
# Visual Studio Version 16
VisualStudioVersion = 16.0.30711.63
MinimumVisualStudioVersion = 10.0.40219.1
Project("{FAE04EC0-301F-11D3-BF4B-00C04F79EFBC}") = "Tellonym-Guess", "Tellonym-Guess\Tellonym-Guess.csproj", "{F449027E-CF19-49B2-A6A0-135BC4480819}"
EndProject
Global
	GlobalSection(SolutionConfigurationPlatforms) = preSolution
		Debug|Any CPU = Debug|Any CPU
		Release|Any CPU = Release|Any CPU
	EndGlobalSection
	GlobalSection(ProjectConfigurationPlatforms) = postSolution
		{F449027E-CF19-49B2-A6A0-135BC4480819}.Debug|Any CPU.ActiveCfg = Debug|Any CPU
		{F449027E-CF19-49B2-A6A0-135BC4480819}.Debug|Any CPU.Build.0 = Debug|Any CPU
		{F449027E-CF19-49B2-A6A0-135BC4480819}.Release|Any CPU.ActiveCfg = Release|Any CPU
		{F449027E-CF19-49B2-A6A0-135BC4480819}.Release|Any CPU.Build.0 = Release|Any CPU
	EndGlobalSection
	GlobalSection(SolutionProperties) = preSolution
		HideSolutionNode = FALSE
	EndGlobalSection
	GlobalSection(ExtensibilityGlobals) = postSolution
		SolutionGuid = {26831DAF-DCBD-4E18-8254-86DD28DA88E7}
	EndGlobalSection
EndGlobal
